
Microsoft Visual Studio Solution File, Format Version 12.00
# Visual Studio Version 17
VisualStudioVersion = 17.0.32014.148
MinimumVisualStudioVersion = 10.0.40219.1
Project("{FAE04EC0-301F-11D3-BF4B-00C04F79EFBC}") = "ITLab", "ITLab\ITLab.csproj", "{59C317BA-17B0-4787-8CB4-F988CC4F029D}"
EndProject
Global
	GlobalSection(SolutionConfigurationPlatforms) = preSolution
		Debug|Any CPU = Debug|Any CPU
		Release|Any CPU = Release|Any CPU
	EndGlobalSection
	GlobalSection(ProjectConfigurationPlatforms) = postSolution
		{59C317BA-17B0-4787-8CB4-F988CC4F029D}.Debug|Any CPU.ActiveCfg = Debug|Any CPU
		{59C317BA-17B0-4787-8CB4-F988CC4F029D}.Debug|Any CPU.Build.0 = Debug|Any CPU
		{59C317BA-17B0-4787-8CB4-F988CC4F029D}.Release|Any CPU.ActiveCfg = Release|Any CPU
		{59C317BA-17B0-4787-8CB4-F988CC4F029D}.Release|Any CPU.Build.0 = Release|Any CPU
	EndGlobalSection
	GlobalSection(SolutionProperties) = preSolution
		HideSolutionNode = FALSE
	EndGlobalSection
	GlobalSection(ExtensibilityGlobals) = postSolution
		SolutionGuid = {3C68C05C-4CB1-4872-9A71-230FC26E4AFA}
	EndGlobalSection
EndGlobal
